
Microsoft Visual Studio Solution File, Format Version 12.00
# Visual Studio 15
VisualStudioVersion = 15.0.28010.2046
MinimumVisualStudioVersion = 10.0.40219.1
Project("{FAE04EC0-301F-11D3-BF4B-00C04F79EFBC}") = "Array_Wpf", "Array_Wpf\Array_Wpf.csproj", "{6A51D85D-14DE-455F-A160-4B4EB7548FEF}"
EndProject
Global
	GlobalSection(SolutionConfigurationPlatforms) = preSolution
		Debug|Any CPU = Debug|Any CPU
		Release|Any CPU = Release|Any CPU
	EndGlobalSection
	GlobalSection(ProjectConfigurationPlatforms) = postSolution
		{6A51D85D-14DE-455F-A160-4B4EB7548FEF}.Debug|Any CPU.ActiveCfg = Debug|Any CPU
		{6A51D85D-14DE-455F-A160-4B4EB7548FEF}.Debug|Any CPU.Build.0 = Debug|Any CPU
		{6A51D85D-14DE-455F-A160-4B4EB7548FEF}.Release|Any CPU.ActiveCfg = Release|Any CPU
		{6A51D85D-14DE-455F-A160-4B4EB7548FEF}.Release|Any CPU.Build.0 = Release|Any CPU
	EndGlobalSection
	GlobalSection(SolutionProperties) = preSolution
		HideSolutionNode = FALSE
	EndGlobalSection
	GlobalSection(ExtensibilityGlobals) = postSolution
		SolutionGuid = {2F5D941B-9C5A-4F92-BD4D-61ED6F7953D0}
	EndGlobalSection
EndGlobal
